
Microsoft Visual Studio Solution File, Format Version 12.00
# Visual Studio 15
VisualStudioVersion = 15.0.26430.13
MinimumVisualStudioVersion = 10.0.40219.1
Project("{FAE04EC0-301F-11D3-BF4B-00C04F79EFBC}") = "SqlMapper", "SqlMapper\SqlMapper.csproj", "{B35FB113-2ED7-4B0C-9285-A47D08B50098}"
EndProject
Project("{FAE04EC0-301F-11D3-BF4B-00C04F79EFBC}") = "SqlMapper.Core", "SqlMapper.Core\SqlMapper.Core.csproj", "{4B77BA8F-38CB-4BDF-AD07-679A243B180B}"
EndProject
Project("{FAE04EC0-301F-11D3-BF4B-00C04F79EFBC}") = "Scaffolding", "Scaffolder\Scaffolding.csproj", "{C27D7C72-5051-437A-8F2E-5959972443E3}"
EndProject
Project("{FAE04EC0-301F-11D3-BF4B-00C04F79EFBC}") = "SourceBuilding", "SourceBuilder\SourceBuilding.csproj", "{4FAF7AFE-41A2-4CB5-AEAF-4E6F39B95196}"
EndProject
Global
	GlobalSection(SolutionConfigurationPlatforms) = preSolution
		Debug|Any CPU = Debug|Any CPU
		Release|Any CPU = Release|Any CPU
	EndGlobalSection
	GlobalSection(ProjectConfigurationPlatforms) = postSolution
		{B35FB113-2ED7-4B0C-9285-A47D08B50098}.Debug|Any CPU.ActiveCfg = Debug|Any CPU
		{B35FB113-2ED7-4B0C-9285-A47D08B50098}.Debug|Any CPU.Build.0 = Debug|Any CPU
		{B35FB113-2ED7-4B0C-9285-A47D08B50098}.Release|Any CPU.ActiveCfg = Release|Any CPU
		{B35FB113-2ED7-4B0C-9285-A47D08B50098}.Release|Any CPU.Build.0 = Release|Any CPU
		{4B77BA8F-38CB-4BDF-AD07-679A243B180B}.Debug|Any CPU.ActiveCfg = Debug|Any CPU
		{4B77BA8F-38CB-4BDF-AD07-679A243B180B}.Debug|Any CPU.Build.0 = Debug|Any CPU
		{4B77BA8F-38CB-4BDF-AD07-679A243B180B}.Release|Any CPU.ActiveCfg = Release|Any CPU
		{4B77BA8F-38CB-4BDF-AD07-679A243B180B}.Release|Any CPU.Build.0 = Release|Any CPU
		{C27D7C72-5051-437A-8F2E-5959972443E3}.Debug|Any CPU.ActiveCfg = Debug|Any CPU
		{C27D7C72-5051-437A-8F2E-5959972443E3}.Debug|Any CPU.Build.0 = Debug|Any CPU
		{C27D7C72-5051-437A-8F2E-5959972443E3}.Release|Any CPU.ActiveCfg = Release|Any CPU
		{C27D7C72-5051-437A-8F2E-5959972443E3}.Release|Any CPU.Build.0 = Release|Any CPU
		{4FAF7AFE-41A2-4CB5-AEAF-4E6F39B95196}.Debug|Any CPU.ActiveCfg = Debug|Any CPU
		{4FAF7AFE-41A2-4CB5-AEAF-4E6F39B95196}.Debug|Any CPU.Build.0 = Debug|Any CPU
		{4FAF7AFE-41A2-4CB5-AEAF-4E6F39B95196}.Release|Any CPU.ActiveCfg = Release|Any CPU
		{4FAF7AFE-41A2-4CB5-AEAF-4E6F39B95196}.Release|Any CPU.Build.0 = Release|Any CPU
	EndGlobalSection
	GlobalSection(SolutionProperties) = preSolution
		HideSolutionNode = FALSE
	EndGlobalSection
EndGlobal
