
Microsoft Visual Studio Solution File, Format Version 12.00
# Visual Studio 15
VisualStudioVersion = 15.0.26430.13
MinimumVisualStudioVersion = 10.0.40219.1
Project("{2150E333-8FDC-42A3-9474-1A3956D46DE8}") = "src", "src", "{C4EF82B8-1F4C-46EB-8E2B-0E113CD9121B}"
EndProject
Project("{2150E333-8FDC-42A3-9474-1A3956D46DE8}") = "test", "test", "{A3CCDD8C-E2C1-4878-8DF5-DF1724B4ED85}"
EndProject
Project("{9A19103F-16F7-4668-BE54-9A1E7A4F7556}") = "SourceBuilding.Core.Tests", "test\SourceBuilding.Core.Tests\SourceBuilding.Core.Tests.csproj", "{899C2366-1E81-4280-AA6D-5A78DF54D24C}"
EndProject
Project("{9A19103F-16F7-4668-BE54-9A1E7A4F7556}") = "Scaffolding.Core", "src\Scaffolding.Core\Scaffolding.Core.csproj", "{64105FED-0325-4F91-8620-8C5F0A9AA122}"
EndProject
Project("{9A19103F-16F7-4668-BE54-9A1E7A4F7556}") = "SourceBuilding.Core", "src\SourceBuilding.Core\SourceBuilding.Core.csproj", "{B41278D9-6D79-4E3E-BEBD-4C90FF3B36A2}"
EndProject
Project("{9A19103F-16F7-4668-BE54-9A1E7A4F7556}") = "SqlMapper.Host", "src\SqlMapper.Host\SqlMapper.Host.csproj", "{434DDE07-2C0B-4543-B9A4-31DD28E5AF1D}"
EndProject
Project("{9A19103F-16F7-4668-BE54-9A1E7A4F7556}") = "SqlMapper.Core", "src\SqlMapper.Core\SqlMapper.Core.csproj", "{026AB4C7-E252-48E5-BF2E-F714FF48BE7B}"
EndProject
Project("{FAE04EC0-301F-11D3-BF4B-00C04F79EFBC}") = "SqlMapper.Cmd", "SqlMapper.Cmd\SqlMapper.Cmd.csproj", "{C2671B1C-E791-4279-A8C8-441B0933919C}"
EndProject
Global
	GlobalSection(SolutionConfigurationPlatforms) = preSolution
		Debug|Any CPU = Debug|Any CPU
		Release|Any CPU = Release|Any CPU
	EndGlobalSection
	GlobalSection(ProjectConfigurationPlatforms) = postSolution
		{899C2366-1E81-4280-AA6D-5A78DF54D24C}.Debug|Any CPU.ActiveCfg = Debug|Any CPU
		{899C2366-1E81-4280-AA6D-5A78DF54D24C}.Debug|Any CPU.Build.0 = Debug|Any CPU
		{899C2366-1E81-4280-AA6D-5A78DF54D24C}.Release|Any CPU.ActiveCfg = Release|Any CPU
		{899C2366-1E81-4280-AA6D-5A78DF54D24C}.Release|Any CPU.Build.0 = Release|Any CPU
		{64105FED-0325-4F91-8620-8C5F0A9AA122}.Debug|Any CPU.ActiveCfg = Debug|Any CPU
		{64105FED-0325-4F91-8620-8C5F0A9AA122}.Debug|Any CPU.Build.0 = Debug|Any CPU
		{64105FED-0325-4F91-8620-8C5F0A9AA122}.Release|Any CPU.ActiveCfg = Release|Any CPU
		{64105FED-0325-4F91-8620-8C5F0A9AA122}.Release|Any CPU.Build.0 = Release|Any CPU
		{B41278D9-6D79-4E3E-BEBD-4C90FF3B36A2}.Debug|Any CPU.ActiveCfg = Debug|Any CPU
		{B41278D9-6D79-4E3E-BEBD-4C90FF3B36A2}.Debug|Any CPU.Build.0 = Debug|Any CPU
		{B41278D9-6D79-4E3E-BEBD-4C90FF3B36A2}.Release|Any CPU.ActiveCfg = Release|Any CPU
		{B41278D9-6D79-4E3E-BEBD-4C90FF3B36A2}.Release|Any CPU.Build.0 = Release|Any CPU
		{434DDE07-2C0B-4543-B9A4-31DD28E5AF1D}.Debug|Any CPU.ActiveCfg = Debug|Any CPU
		{434DDE07-2C0B-4543-B9A4-31DD28E5AF1D}.Debug|Any CPU.Build.0 = Debug|Any CPU
		{434DDE07-2C0B-4543-B9A4-31DD28E5AF1D}.Release|Any CPU.ActiveCfg = Release|Any CPU
		{434DDE07-2C0B-4543-B9A4-31DD28E5AF1D}.Release|Any CPU.Build.0 = Release|Any CPU
		{026AB4C7-E252-48E5-BF2E-F714FF48BE7B}.Debug|Any CPU.ActiveCfg = Debug|Any CPU
		{026AB4C7-E252-48E5-BF2E-F714FF48BE7B}.Debug|Any CPU.Build.0 = Debug|Any CPU
		{026AB4C7-E252-48E5-BF2E-F714FF48BE7B}.Release|Any CPU.ActiveCfg = Release|Any CPU
		{026AB4C7-E252-48E5-BF2E-F714FF48BE7B}.Release|Any CPU.Build.0 = Release|Any CPU
		{C2671B1C-E791-4279-A8C8-441B0933919C}.Debug|Any CPU.ActiveCfg = Debug|Any CPU
		{C2671B1C-E791-4279-A8C8-441B0933919C}.Debug|Any CPU.Build.0 = Debug|Any CPU
		{C2671B1C-E791-4279-A8C8-441B0933919C}.Release|Any CPU.ActiveCfg = Release|Any CPU
		{C2671B1C-E791-4279-A8C8-441B0933919C}.Release|Any CPU.Build.0 = Release|Any CPU
	EndGlobalSection
	GlobalSection(SolutionProperties) = preSolution
		HideSolutionNode = FALSE
	EndGlobalSection
	GlobalSection(NestedProjects) = preSolution
		{899C2366-1E81-4280-AA6D-5A78DF54D24C} = {A3CCDD8C-E2C1-4878-8DF5-DF1724B4ED85}
		{64105FED-0325-4F91-8620-8C5F0A9AA122} = {C4EF82B8-1F4C-46EB-8E2B-0E113CD9121B}
		{B41278D9-6D79-4E3E-BEBD-4C90FF3B36A2} = {C4EF82B8-1F4C-46EB-8E2B-0E113CD9121B}
		{434DDE07-2C0B-4543-B9A4-31DD28E5AF1D} = {C4EF82B8-1F4C-46EB-8E2B-0E113CD9121B}
		{026AB4C7-E252-48E5-BF2E-F714FF48BE7B} = {C4EF82B8-1F4C-46EB-8E2B-0E113CD9121B}
		{C2671B1C-E791-4279-A8C8-441B0933919C} = {C4EF82B8-1F4C-46EB-8E2B-0E113CD9121B}
	EndGlobalSection
EndGlobal
